# Run ./gradlew writeVersionsLocks to regenerate this file. Blank lines are to minimize merge conflicts.

com.fasterxml.jackson:jackson-bom:2.20.0 (7 constraints: be9517ba)

com.fasterxml.jackson.core:jackson-annotations:2.20 (5 constraints: 9d517830)

com.fasterxml.jackson.core:jackson-core:2.20.0 (7 constraints: 7c931605)

com.fasterxml.jackson.core:jackson-databind:2.20.0 (7 constraints: 2e865451)

com.fasterxml.jackson.dataformat:jackson-dataformat-yaml:2.20.0 (2 constraints: e913c781)

com.fasterxml.jackson.datatype:jackson-datatype-guava:2.20.0 (2 constraints: e913c781)

com.fasterxml.jackson.datatype:jackson-datatype-jdk8:2.20.0 (2 constraints: e913c781)

com.fasterxml.jackson.datatype:jackson-datatype-jsr310:2.20.0 (2 constraints: e913c781)

com.fasterxml.jackson.module:jackson-module-afterburner:2.20.0 (2 constraints: e913c781)

com.google.auto:auto-common:1.2.1 (1 constraints: 9d0f6d86)

com.google.auto.service:auto-service:1.1.1 (1 constraints: 0505f435)

com.google.auto.service:auto-service-annotations:1.1.1 (1 constraints: 9c0f6a86)

com.google.errorprone:error_prone_annotations:2.41.0 (1 constraints: 490a3ebf)

com.google.googlejavaformat:google-java-format:1.25.2 (1 constraints: 3c053e3b)

com.google.guava:failureaccess:1.0.3 (1 constraints: 160ae3b4)

com.google.guava:guava:33.5.0-jre (5 constraints: 85522ddc)

com.google.guava:listenablefuture:9999.0-empty-to-avoid-conflict-with-guava (1 constraints: bd17c918)

com.google.j2objc:j2objc-annotations:3.1 (1 constraints: b809f1a0)

com.jakewharton.nopen:nopen-annotations:1.0.1 (2 constraints: e41152fd)

com.markelliot.result:result:0.130.0 (1 constraints: 66059440)

com.squareup:javapoet:1.13.0 (1 constraints: 3705323b)

net.sf.jopt-simple:jopt-simple:5.0.4 (1 constraints: be0ad6cc)

org.apache.commons:commons-math3:3.6.1 (1 constraints: bf0adbcc)

org.jspecify:jspecify:1.0.0 (1 constraints: 130ae0b4)

org.openjdk.jmh:jmh-core:1.37 (1 constraints: df04fc30)

org.yaml:snakeyaml:2.4 (1 constraints: 3e178d10)



[Test dependencies]

net.bytebuddy:byte-buddy:1.17.7 (2 constraints: 741893b8)

org.assertj:assertj-core:3.27.6 (2 constraints: 6412871e)

org.junit:junit-bom:6.0.0 (6 constraints: b35ad405)

org.junit.jupiter:junit-jupiter-api:6.0.0 (2 constraints: b219f0f2)

org.junit.jupiter:junit-jupiter-engine:6.0.0 (2 constraints: 140e5458)

org.junit.platform:junit-platform-commons:6.0.0 (3 constraints: df292429)

org.junit.platform:junit-platform-engine:6.0.0 (3 constraints: f72bf313)

org.junit.platform:junit-platform-launcher:6.0.0 (1 constraints: 0d097895)

org.opentest4j:opentest4j:1.3.0 (2 constraints: cf209249)
